// !$*UTF8*$!
{
	archiveVersion = 1;
	classes = {
	};
	objectVersion = 56;
	objects = {

/* Begin PBXBuildFile section */
		0622F6072924BCBC008BD011 /* TabSelection.swift in Sources */ = {isa = PBXBuildFile; fileRef = 0622F6062924BCBC008BD011 /* TabSelection.swift */; };
		6327BE49292240D4000BA3FF /* MyPageView.swift in Sources */ = {isa = PBXBuildFile; fileRef = 6327BE48292240D4000BA3FF /* MyPageView.swift */; };
		6327BE4C292240E0000BA3FF /* PlaceView.swift in Sources */ = {isa = PBXBuildFile; fileRef = 6327BE4A292240E0000BA3FF /* PlaceView.swift */; };
		6327BE4D292240E0000BA3FF /* PlaceCardView.swift in Sources */ = {isa = PBXBuildFile; fileRef = 6327BE4B292240E0000BA3FF /* PlaceCardView.swift */; };
		6327BE5229226D7D000BA3FF /* MyProfileView.swift in Sources */ = {isa = PBXBuildFile; fileRef = 6327BE5129226D7D000BA3FF /* MyProfileView.swift */; };
		6327BE5429226DC1000BA3FF /* PlaceDetailView.swift in Sources */ = {isa = PBXBuildFile; fileRef = 6327BE5329226DC1000BA3FF /* PlaceDetailView.swift */; };
		6331F3E82935A75B004F879E /* FetchData.swift in Sources */ = {isa = PBXBuildFile; fileRef = 6331F3E72935A75B004F879E /* FetchData.swift */; };
		637DEA492922009100A16ADB /* BootCampingApp.swift in Sources */ = {isa = PBXBuildFile; fileRef = 637DEA482922009100A16ADB /* BootCampingApp.swift */; };
		637DEA4B2922009100A16ADB /* BootCampingTabView.swift in Sources */ = {isa = PBXBuildFile; fileRef = 637DEA4A2922009100A16ADB /* BootCampingTabView.swift */; };
		637DEA4D2922009300A16ADB /* Assets.xcassets in Resources */ = {isa = PBXBuildFile; fileRef = 637DEA4C2922009300A16ADB /* Assets.xcassets */; };
		637DEA502922009300A16ADB /* Preview Assets.xcassets in Resources */ = {isa = PBXBuildFile; fileRef = 637DEA4F2922009300A16ADB /* Preview Assets.xcassets */; };
		637DEA5D2922098E00A16ADB /* HomeView.swift in Sources */ = {isa = PBXBuildFile; fileRef = 637DEA5C2922098E00A16ADB /* HomeView.swift */; };
		63BB56D029221F8400B49B75 /* Places.swift in Sources */ = {isa = PBXBuildFile; fileRef = 63BB56CF29221F8400B49B75 /* Places.swift */; };
		63E8521D2922170A00842CD8 /* CommunityView.swift in Sources */ = {isa = PBXBuildFile; fileRef = 63E8521C2922170A00842CD8 /* CommunityView.swift */; };
		63E852202922359D00842CD8 /* WriteView.swift in Sources */ = {isa = PBXBuildFile; fileRef = 63E8521F2922359D00842CD8 /* WriteView.swift */; };
		63FA00E22922B5F600D433AB /* Posts.swift in Sources */ = {isa = PBXBuildFile; fileRef = 63FA00E12922B5F600D433AB /* Posts.swift */; };
		791689A929223E800071DA64 /* .gitattributes in Resources */ = {isa = PBXBuildFile; fileRef = 791689A829223E800071DA64 /* .gitattributes */; };
		79B611CA2924C279001D2E03 /* gridView.swift in Sources */ = {isa = PBXBuildFile; fileRef = 79B611C92924C279001D2E03 /* gridView.swift */; };
		7C2EF034292296C9002D286F /* ImagePickerView.swift in Sources */ = {isa = PBXBuildFile; fileRef = 7C2EF033292296C9002D286F /* ImagePickerView.swift */; };
		7C41E8A729221C7200E87BC8 /* AddPhotoCard.swift in Sources */ = {isa = PBXBuildFile; fileRef = 7C41E8A629221C7200E87BC8 /* AddPhotoCard.swift */; };
		7C67602C2935A98200065CF3 /* PhotoCardView.swift in Sources */ = {isa = PBXBuildFile; fileRef = 7C67602B2935A98200065CF3 /* PhotoCardView.swift */; };
		7C67602E2935BC1C00065CF3 /* HomeCategory.swift in Sources */ = {isa = PBXBuildFile; fileRef = 7C67602D2935BC1C00065CF3 /* HomeCategory.swift */; };
		7C6760302935BD2500065CF3 /* RecommendHomeView.swift in Sources */ = {isa = PBXBuildFile; fileRef = 7C67602F2935BD2500065CF3 /* RecommendHomeView.swift */; };
		7C6760322935BEE000065CF3 /* HomePhotoCards.swift in Sources */ = {isa = PBXBuildFile; fileRef = 7C6760312935BEE000065CF3 /* HomePhotoCards.swift */; };
		7C6760342935CE8000065CF3 /* FilteringView.swift in Sources */ = {isa = PBXBuildFile; fileRef = 7C6760332935CE8000065CF3 /* FilteringView.swift */; };
		7C6760362935CEEB00065CF3 /* PostCell.swift in Sources */ = {isa = PBXBuildFile; fileRef = 7C6760352935CEEB00065CF3 /* PostCell.swift */; };
		7C78EABC2922165C002150EE /* PhotoCard.swift in Sources */ = {isa = PBXBuildFile; fileRef = 7C78EABB2922165C002150EE /* PhotoCard.swift */; };
		7C78EABE29221AD4002150EE /* PhotoDetailView.swift in Sources */ = {isa = PBXBuildFile; fileRef = 7C78EABD29221AD4002150EE /* PhotoDetailView.swift */; };
		7C9DE169292280A20010BF13 /* PhotoCardData.swift in Sources */ = {isa = PBXBuildFile; fileRef = 7C9DE168292280A20010BF13 /* PhotoCardData.swift */; };
		7CC670EA293662360088A798 /* ListView.swift in Sources */ = {isa = PBXBuildFile; fileRef = 7CC670E9293662360088A798 /* ListView.swift */; };
/* End PBXBuildFile section */

/* Begin PBXFileReference section */
		0622F6062924BCBC008BD011 /* TabSelection.swift */ = {isa = PBXFileReference; lastKnownFileType = sourcecode.swift; path = TabSelection.swift; sourceTree = "<group>"; };
		6327BE48292240D4000BA3FF /* MyPageView.swift */ = {isa = PBXFileReference; fileEncoding = 4; lastKnownFileType = sourcecode.swift; path = MyPageView.swift; sourceTree = "<group>"; };
		6327BE4A292240E0000BA3FF /* PlaceView.swift */ = {isa = PBXFileReference; fileEncoding = 4; lastKnownFileType = sourcecode.swift; path = PlaceView.swift; sourceTree = "<group>"; };
		6327BE4B292240E0000BA3FF /* PlaceCardView.swift */ = {isa = PBXFileReference; fileEncoding = 4; lastKnownFileType = sourcecode.swift; path = PlaceCardView.swift; sourceTree = "<group>"; };
		6327BE5129226D7D000BA3FF /* MyProfileView.swift */ = {isa = PBXFileReference; lastKnownFileType = sourcecode.swift; path = MyProfileView.swift; sourceTree = "<group>"; };
		6327BE5329226DC1000BA3FF /* PlaceDetailView.swift */ = {isa = PBXFileReference; lastKnownFileType = sourcecode.swift; path = PlaceDetailView.swift; sourceTree = "<group>"; };
		6331F3E72935A75B004F879E /* FetchData.swift */ = {isa = PBXFileReference; lastKnownFileType = sourcecode.swift; path = FetchData.swift; sourceTree = "<group>"; };
		6331F3E92935E084004F879E /* Info.plist */ = {isa = PBXFileReference; lastKnownFileType = text.plist; path = Info.plist; sourceTree = "<group>"; };
		637DEA452922009100A16ADB /* BootCamping.app */ = {isa = PBXFileReference; explicitFileType = wrapper.application; includeInIndex = 0; path = BootCamping.app; sourceTree = BUILT_PRODUCTS_DIR; };
		637DEA482922009100A16ADB /* BootCampingApp.swift */ = {isa = PBXFileReference; lastKnownFileType = sourcecode.swift; path = BootCampingApp.swift; sourceTree = "<group>"; };
		637DEA4A2922009100A16ADB /* BootCampingTabView.swift */ = {isa = PBXFileReference; lastKnownFileType = sourcecode.swift; path = BootCampingTabView.swift; sourceTree = "<group>"; };
		637DEA4C2922009300A16ADB /* Assets.xcassets */ = {isa = PBXFileReference; lastKnownFileType = folder.assetcatalog; path = Assets.xcassets; sourceTree = "<group>"; };
		637DEA4F2922009300A16ADB /* Preview Assets.xcassets */ = {isa = PBXFileReference; lastKnownFileType = folder.assetcatalog; path = "Preview Assets.xcassets"; sourceTree = "<group>"; };
		637DEA5C2922098E00A16ADB /* HomeView.swift */ = {isa = PBXFileReference; lastKnownFileType = sourcecode.swift; path = HomeView.swift; sourceTree = "<group>"; };
		63BB56CF29221F8400B49B75 /* Places.swift */ = {isa = PBXFileReference; lastKnownFileType = sourcecode.swift; path = Places.swift; sourceTree = "<group>"; };
		63E8521C2922170A00842CD8 /* CommunityView.swift */ = {isa = PBXFileReference; lastKnownFileType = sourcecode.swift; path = CommunityView.swift; sourceTree = "<group>"; };
		63E8521F2922359D00842CD8 /* WriteView.swift */ = {isa = PBXFileReference; lastKnownFileType = sourcecode.swift; path = WriteView.swift; sourceTree = "<group>"; };
		63FA00E12922B5F600D433AB /* Posts.swift */ = {isa = PBXFileReference; lastKnownFileType = sourcecode.swift; path = Posts.swift; sourceTree = "<group>"; };
		791689A829223E800071DA64 /* .gitattributes */ = {isa = PBXFileReference; lastKnownFileType = text; name = .gitattributes; path = BootCamping/Views/Home/.gitattributes; sourceTree = "<group>"; };
		79B611C92924C279001D2E03 /* gridView.swift */ = {isa = PBXFileReference; lastKnownFileType = sourcecode.swift; path = gridView.swift; sourceTree = "<group>"; };
		7C2EF033292296C9002D286F /* ImagePickerView.swift */ = {isa = PBXFileReference; lastKnownFileType = sourcecode.swift; path = ImagePickerView.swift; sourceTree = "<group>"; };
		7C41E8A629221C7200E87BC8 /* AddPhotoCard.swift */ = {isa = PBXFileReference; lastKnownFileType = sourcecode.swift; path = AddPhotoCard.swift; sourceTree = "<group>"; };
		7C67602B2935A98200065CF3 /* PhotoCardView.swift */ = {isa = PBXFileReference; lastKnownFileType = sourcecode.swift; path = PhotoCardView.swift; sourceTree = "<group>"; };
		7C67602D2935BC1C00065CF3 /* HomeCategory.swift */ = {isa = PBXFileReference; lastKnownFileType = sourcecode.swift; path = HomeCategory.swift; sourceTree = "<group>"; };
		7C67602F2935BD2500065CF3 /* RecommendHomeView.swift */ = {isa = PBXFileReference; lastKnownFileType = sourcecode.swift; path = RecommendHomeView.swift; sourceTree = "<group>"; };
		7C6760312935BEE000065CF3 /* HomePhotoCards.swift */ = {isa = PBXFileReference; lastKnownFileType = sourcecode.swift; path = HomePhotoCards.swift; sourceTree = "<group>"; };
		7C6760332935CE8000065CF3 /* FilteringView.swift */ = {isa = PBXFileReference; lastKnownFileType = sourcecode.swift; path = FilteringView.swift; sourceTree = "<group>"; };
		7C6760352935CEEB00065CF3 /* PostCell.swift */ = {isa = PBXFileReference; lastKnownFileType = sourcecode.swift; path = PostCell.swift; sourceTree = "<group>"; };
		7C78EABB2922165C002150EE /* PhotoCard.swift */ = {isa = PBXFileReference; lastKnownFileType = sourcecode.swift; path = PhotoCard.swift; sourceTree = "<group>"; };
		7C78EABD29221AD4002150EE /* PhotoDetailView.swift */ = {isa = PBXFileReference; lastKnownFileType = sourcecode.swift; path = PhotoDetailView.swift; sourceTree = "<group>"; };
		7C9DE168292280A20010BF13 /* PhotoCardData.swift */ = {isa = PBXFileReference; lastKnownFileType = sourcecode.swift; path = PhotoCardData.swift; sourceTree = "<group>"; };
		7CC670E9293662360088A798 /* ListView.swift */ = {isa = PBXFileReference; lastKnownFileType = sourcecode.swift; path = ListView.swift; sourceTree = "<group>"; };
/* End PBXFileReference section */

/* Begin PBXFrameworksBuildPhase section */
		637DEA422922009100A16ADB /* Frameworks */ = {
			isa = PBXFrameworksBuildPhase;
			buildActionMask = 2147483647;
			files = (
			);
			runOnlyForDeploymentPostprocessing = 0;
		};
/* End PBXFrameworksBuildPhase section */

/* Begin PBXGroup section */
		6327BE4E292240E8000BA3FF /* MyPage */ = {
			isa = PBXGroup;
			children = (
				6327BE48292240D4000BA3FF /* MyPageView.swift */,
				6327BE5129226D7D000BA3FF /* MyProfileView.swift */,
			);
			path = MyPage;
			sourceTree = "<group>";
		};
		6327BE4F292240F1000BA3FF /* Place */ = {
			isa = PBXGroup;
			children = (
				6327BE4A292240E0000BA3FF /* PlaceView.swift */,
				6327BE4B292240E0000BA3FF /* PlaceCardView.swift */,
				6327BE5329226DC1000BA3FF /* PlaceDetailView.swift */,
			);
			path = Place;
			sourceTree = "<group>";
		};
		637DEA3C2922009100A16ADB = {
			isa = PBXGroup;
			children = (
				637DEA482922009100A16ADB /* BootCampingApp.swift */,
				791689A829223E800071DA64 /* .gitattributes */,
				637DEA472922009100A16ADB /* BootCamping */,
				637DEA462922009100A16ADB /* Products */,
			);
			sourceTree = "<group>";
		};
		637DEA462922009100A16ADB /* Products */ = {
			isa = PBXGroup;
			children = (
				637DEA452922009100A16ADB /* BootCamping.app */,
			);
			name = Products;
			sourceTree = "<group>";
		};
		637DEA472922009100A16ADB /* BootCamping */ = {
			isa = PBXGroup;
			children = (
				6331F3E92935E084004F879E /* Info.plist */,
				63BB56CE29221F6300B49B75 /* Models */,
				637DEA562922075900A16ADB /* Views */,
				637DEA4C2922009300A16ADB /* Assets.xcassets */,
				637DEA4E2922009300A16ADB /* Preview Content */,
			);
			path = BootCamping;
			sourceTree = "<group>";
		};
		637DEA4E2922009300A16ADB /* Preview Content */ = {
			isa = PBXGroup;
			children = (
				637DEA4F2922009300A16ADB /* Preview Assets.xcassets */,
			);
			path = "Preview Content";
			sourceTree = "<group>";
		};
		637DEA562922075900A16ADB /* Views */ = {
			isa = PBXGroup;
			children = (
				637DEA4A2922009100A16ADB /* BootCampingTabView.swift */,
				637DEA572922076500A16ADB /* Home */,
				637DEA5A292207A100A16ADB /* PhotoCard */,
				63E8521E2922172300842CD8 /* Community */,
				6327BE4F292240F1000BA3FF /* Place */,
				6327BE4E292240E8000BA3FF /* MyPage */,
			);
			path = Views;
			sourceTree = "<group>";
		};
		637DEA572922076500A16ADB /* Home */ = {
			isa = PBXGroup;
			children = (
				637DEA5C2922098E00A16ADB /* HomeView.swift */,
				7C6760312935BEE000065CF3 /* HomePhotoCards.swift */,
				7C67602D2935BC1C00065CF3 /* HomeCategory.swift */,
				7C67602F2935BD2500065CF3 /* RecommendHomeView.swift */,
			);
			path = Home;
			sourceTree = "<group>";
		};
		637DEA5A292207A100A16ADB /* PhotoCard */ = {
			isa = PBXGroup;
			children = (
				7C78EABB2922165C002150EE /* PhotoCard.swift */,
				7C67602B2935A98200065CF3 /* PhotoCardView.swift */,
				7C78EABD29221AD4002150EE /* PhotoDetailView.swift */,
				79B611C92924C279001D2E03 /* gridView.swift */,
				7CC670E9293662360088A798 /* ListView.swift */,
				7C41E8A629221C7200E87BC8 /* AddPhotoCard.swift */,
				7C2EF033292296C9002D286F /* ImagePickerView.swift */,
			);
			path = PhotoCard;
			sourceTree = "<group>";
		};
		63BB56CE29221F6300B49B75 /* Models */ = {
			isa = PBXGroup;
			children = (
				63BB56CF29221F8400B49B75 /* Places.swift */,
				6331F3E72935A75B004F879E /* FetchData.swift */,
				63FA00E12922B5F600D433AB /* Posts.swift */,
				7C9DE168292280A20010BF13 /* PhotoCardData.swift */,
				0622F6062924BCBC008BD011 /* TabSelection.swift */,
			);
			path = Models;
			sourceTree = "<group>";
		};
		63E8521E2922172300842CD8 /* Community */ = {
			isa = PBXGroup;
			children = (
				63E8521C2922170A00842CD8 /* CommunityView.swift */,
				7C6760332935CE8000065CF3 /* FilteringView.swift */,
				63E8521F2922359D00842CD8 /* WriteView.swift */,
				7C6760352935CEEB00065CF3 /* PostCell.swift */,
			);
			path = Community;
			sourceTree = "<group>";
		};
/* End PBXGroup section */

/* Begin PBXNativeTarget section */
		637DEA442922009100A16ADB /* BootCamping */ = {
			isa = PBXNativeTarget;
			buildConfigurationList = 637DEA532922009300A16ADB /* Build configuration list for PBXNativeTarget "BootCamping" */;
			buildPhases = (
				637DEA412922009100A16ADB /* Sources */,
				637DEA422922009100A16ADB /* Frameworks */,
				637DEA432922009100A16ADB /* Resources */,
			);
			buildRules = (
			);
			dependencies = (
			);
			name = BootCamping;
			productName = BootCamping;
			productReference = 637DEA452922009100A16ADB /* BootCamping.app */;
			productType = "com.apple.product-type.application";
		};
/* End PBXNativeTarget section */

/* Begin PBXProject section */
		637DEA3D2922009100A16ADB /* Project object */ = {
			isa = PBXProject;
			attributes = {
				BuildIndependentTargetsInParallel = 1;
				LastSwiftUpdateCheck = 1410;
				LastUpgradeCheck = 1410;
				TargetAttributes = {
					637DEA442922009100A16ADB = {
						CreatedOnToolsVersion = 14.1;
					};
				};
			};
			buildConfigurationList = 637DEA402922009100A16ADB /* Build configuration list for PBXProject "BootCamping" */;
			compatibilityVersion = "Xcode 14.0";
			developmentRegion = en;
			hasScannedForEncodings = 0;
			knownRegions = (
				en,
				Base,
			);
			mainGroup = 637DEA3C2922009100A16ADB;
			productRefGroup = 637DEA462922009100A16ADB /* Products */;
			projectDirPath = "";
			projectRoot = "";
			targets = (
				637DEA442922009100A16ADB /* BootCamping */,
			);
		};
/* End PBXProject section */

/* Begin PBXResourcesBuildPhase section */
		637DEA432922009100A16ADB /* Resources */ = {
			isa = PBXResourcesBuildPhase;
			buildActionMask = 2147483647;
			files = (
				637DEA502922009300A16ADB /* Preview Assets.xcassets in Resources */,
				791689A929223E800071DA64 /* .gitattributes in Resources */,
				637DEA4D2922009300A16ADB /* Assets.xcassets in Resources */,
			);
			runOnlyForDeploymentPostprocessing = 0;
		};
/* End PBXResourcesBuildPhase section */

/* Begin PBXSourcesBuildPhase section */
		637DEA412922009100A16ADB /* Sources */ = {
			isa = PBXSourcesBuildPhase;
			buildActionMask = 2147483647;
			files = (
				7C6760302935BD2500065CF3 /* RecommendHomeView.swift in Sources */,
				637DEA5D2922098E00A16ADB /* HomeView.swift in Sources */,
				7C9DE169292280A20010BF13 /* PhotoCardData.swift in Sources */,
				6331F3E82935A75B004F879E /* FetchData.swift in Sources */,
				63BB56D029221F8400B49B75 /* Places.swift in Sources */,
				637DEA4B2922009100A16ADB /* BootCampingTabView.swift in Sources */,
				6327BE5229226D7D000BA3FF /* MyProfileView.swift in Sources */,
				7C67602E2935BC1C00065CF3 /* HomeCategory.swift in Sources */,
				7C2EF034292296C9002D286F /* ImagePickerView.swift in Sources */,
				79B611CA2924C279001D2E03 /* gridView.swift in Sources */,
				0622F6072924BCBC008BD011 /* TabSelection.swift in Sources */,
				7C78EABC2922165C002150EE /* PhotoCard.swift in Sources */,
				7C78EABE29221AD4002150EE /* PhotoDetailView.swift in Sources */,
				63FA00E22922B5F600D433AB /* Posts.swift in Sources */,
				7C6760342935CE8000065CF3 /* FilteringView.swift in Sources */,
				7C6760322935BEE000065CF3 /* HomePhotoCards.swift in Sources */,
				7C41E8A729221C7200E87BC8 /* AddPhotoCard.swift in Sources */,
				7CC670EA293662360088A798 /* ListView.swift in Sources */,
				63E852202922359D00842CD8 /* WriteView.swift in Sources */,
				6327BE49292240D4000BA3FF /* MyPageView.swift in Sources */,
				6327BE4D292240E0000BA3FF /* PlaceCardView.swift in Sources */,
				7C6760362935CEEB00065CF3 /* PostCell.swift in Sources */,
				6327BE4C292240E0000BA3FF /* PlaceView.swift in Sources */,
				6327BE5429226DC1000BA3FF /* PlaceDetailView.swift in Sources */,
				7C67602C2935A98200065CF3 /* PhotoCardView.swift in Sources */,
				63E8521D2922170A00842CD8 /* CommunityView.swift in Sources */,
				637DEA492922009100A16ADB /* BootCampingApp.swift in Sources */,
			);
			runOnlyForDeploymentPostprocessing = 0;
		};
/* End PBXSourcesBuildPhase section */

/* Begin XCBuildConfiguration section */
		637DEA512922009300A16ADB /* Debug */ = {
			isa = XCBuildConfiguration;
			buildSettings = {
				ALWAYS_SEARCH_USER_PATHS = NO;
				CLANG_ANALYZER_NONNULL = YES;
				CLANG_ANALYZER_NUMBER_OBJECT_CONVERSION = YES_AGGRESSIVE;
				CLANG_CXX_LANGUAGE_STANDARD = "gnu++20";
				CLANG_ENABLE_MODULES = YES;
				CLANG_ENABLE_OBJC_ARC = YES;
				CLANG_ENABLE_OBJC_WEAK = YES;
				CLANG_WARN_BLOCK_CAPTURE_AUTORELEASING = YES;
				CLANG_WARN_BOOL_CONVERSION = YES;
				CLANG_WARN_COMMA = YES;
				CLANG_WARN_CONSTANT_CONVERSION = YES;
				CLANG_WARN_DEPRECATED_OBJC_IMPLEMENTATIONS = YES;
				CLANG_WARN_DIRECT_OBJC_ISA_USAGE = YES_ERROR;
				CLANG_WARN_DOCUMENTATION_COMMENTS = YES;
				CLANG_WARN_EMPTY_BODY = YES;
				CLANG_WARN_ENUM_CONVERSION = YES;
				CLANG_WARN_INFINITE_RECURSION = YES;
				CLANG_WARN_INT_CONVERSION = YES;
				CLANG_WARN_NON_LITERAL_NULL_CONVERSION = YES;
				CLANG_WARN_OBJC_IMPLICIT_RETAIN_SELF = YES;
				CLANG_WARN_OBJC_LITERAL_CONVERSION = YES;
				CLANG_WARN_OBJC_ROOT_CLASS = YES_ERROR;
				CLANG_WARN_QUOTED_INCLUDE_IN_FRAMEWORK_HEADER = YES;
				CLANG_WARN_RANGE_LOOP_ANALYSIS = YES;
				CLANG_WARN_STRICT_PROTOTYPES = YES;
				CLANG_WARN_SUSPICIOUS_MOVE = YES;
				CLANG_WARN_UNGUARDED_AVAILABILITY = YES_AGGRESSIVE;
				CLANG_WARN_UNREACHABLE_CODE = YES;
				CLANG_WARN__DUPLICATE_METHOD_MATCH = YES;
				COPY_PHASE_STRIP = NO;
				DEBUG_INFORMATION_FORMAT = dwarf;
				ENABLE_STRICT_OBJC_MSGSEND = YES;
				ENABLE_TESTABILITY = YES;
				GCC_C_LANGUAGE_STANDARD = gnu11;
				GCC_DYNAMIC_NO_PIC = NO;
				GCC_NO_COMMON_BLOCKS = YES;
				GCC_OPTIMIZATION_LEVEL = 0;
				GCC_PREPROCESSOR_DEFINITIONS = (
					"DEBUG=1",
					"$(inherited)",
				);
				GCC_WARN_64_TO_32_BIT_CONVERSION = YES;
				GCC_WARN_ABOUT_RETURN_TYPE = YES_ERROR;
				GCC_WARN_UNDECLARED_SELECTOR = YES;
				GCC_WARN_UNINITIALIZED_AUTOS = YES_AGGRESSIVE;
				GCC_WARN_UNUSED_FUNCTION = YES;
				GCC_WARN_UNUSED_VARIABLE = YES;
				IPHONEOS_DEPLOYMENT_TARGET = 16.1;
				MTL_ENABLE_DEBUG_INFO = INCLUDE_SOURCE;
				MTL_FAST_MATH = YES;
				ONLY_ACTIVE_ARCH = YES;
				SDKROOT = iphoneos;
				SWIFT_ACTIVE_COMPILATION_CONDITIONS = DEBUG;
				SWIFT_OPTIMIZATION_LEVEL = "-Onone";
			};
			name = Debug;
		};
		637DEA522922009300A16ADB /* Release */ = {
			isa = XCBuildConfiguration;
			buildSettings = {
				ALWAYS_SEARCH_USER_PATHS = NO;
				CLANG_ANALYZER_NONNULL = YES;
				CLANG_ANALYZER_NUMBER_OBJECT_CONVERSION = YES_AGGRESSIVE;
				CLANG_CXX_LANGUAGE_STANDARD = "gnu++20";
				CLANG_ENABLE_MODULES = YES;
				CLANG_ENABLE_OBJC_ARC = YES;
				CLANG_ENABLE_OBJC_WEAK = YES;
				CLANG_WARN_BLOCK_CAPTURE_AUTORELEASING = YES;
				CLANG_WARN_BOOL_CONVERSION = YES;
				CLANG_WARN_COMMA = YES;
				CLANG_WARN_CONSTANT_CONVERSION = YES;
				CLANG_WARN_DEPRECATED_OBJC_IMPLEMENTATIONS = YES;
				CLANG_WARN_DIRECT_OBJC_ISA_USAGE = YES_ERROR;
				CLANG_WARN_DOCUMENTATION_COMMENTS = YES;
				CLANG_WARN_EMPTY_BODY = YES;
				CLANG_WARN_ENUM_CONVERSION = YES;
				CLANG_WARN_INFINITE_RECURSION = YES;
				CLANG_WARN_INT_CONVERSION = YES;
				CLANG_WARN_NON_LITERAL_NULL_CONVERSION = YES;
				CLANG_WARN_OBJC_IMPLICIT_RETAIN_SELF = YES;
				CLANG_WARN_OBJC_LITERAL_CONVERSION = YES;
				CLANG_WARN_OBJC_ROOT_CLASS = YES_ERROR;
				CLANG_WARN_QUOTED_INCLUDE_IN_FRAMEWORK_HEADER = YES;
				CLANG_WARN_RANGE_LOOP_ANALYSIS = YES;
				CLANG_WARN_STRICT_PROTOTYPES = YES;
				CLANG_WARN_SUSPICIOUS_MOVE = YES;
				CLANG_WARN_UNGUARDED_AVAILABILITY = YES_AGGRESSIVE;
				CLANG_WARN_UNREACHABLE_CODE = YES;
				CLANG_WARN__DUPLICATE_METHOD_MATCH = YES;
				COPY_PHASE_STRIP = NO;
				DEBUG_INFORMATION_FORMAT = "dwarf-with-dsym";
				ENABLE_NS_ASSERTIONS = NO;
				ENABLE_STRICT_OBJC_MSGSEND = YES;
				GCC_C_LANGUAGE_STANDARD = gnu11;
				GCC_NO_COMMON_BLOCKS = YES;
				GCC_WARN_64_TO_32_BIT_CONVERSION = YES;
				GCC_WARN_ABOUT_RETURN_TYPE = YES_ERROR;
				GCC_WARN_UNDECLARED_SELECTOR = YES;
				GCC_WARN_UNINITIALIZED_AUTOS = YES_AGGRESSIVE;
				GCC_WARN_UNUSED_FUNCTION = YES;
				GCC_WARN_UNUSED_VARIABLE = YES;
				IPHONEOS_DEPLOYMENT_TARGET = 16.1;
				MTL_ENABLE_DEBUG_INFO = NO;
				MTL_FAST_MATH = YES;
				SDKROOT = iphoneos;
				SWIFT_COMPILATION_MODE = wholemodule;
				SWIFT_OPTIMIZATION_LEVEL = "-O";
				VALIDATE_PRODUCT = YES;
			};
			name = Release;
		};
		637DEA542922009300A16ADB /* Debug */ = {
			isa = XCBuildConfiguration;
			buildSettings = {
				ASSETCATALOG_COMPILER_APPICON_NAME = AppIcon;
				ASSETCATALOG_COMPILER_GLOBAL_ACCENT_COLOR_NAME = AccentColor;
				CODE_SIGN_STYLE = Automatic;
				CURRENT_PROJECT_VERSION = 1;
				DEVELOPMENT_ASSET_PATHS = "\"BootCamping/Preview Content\"";
				DEVELOPMENT_TEAM = QJ9LBR5S7P;
				ENABLE_PREVIEWS = YES;
				GENERATE_INFOPLIST_FILE = YES;
				INFOPLIST_FILE = BootCamping/Info.plist;
				INFOPLIST_KEY_UIApplicationSceneManifest_Generation = YES;
				INFOPLIST_KEY_UIApplicationSupportsIndirectInputEvents = YES;
				INFOPLIST_KEY_UILaunchScreen_Generation = YES;
				INFOPLIST_KEY_UISupportedInterfaceOrientations_iPad = "UIInterfaceOrientationPortrait UIInterfaceOrientationPortraitUpsideDown UIInterfaceOrientationLandscapeLeft UIInterfaceOrientationLandscapeRight";
				INFOPLIST_KEY_UISupportedInterfaceOrientations_iPhone = "UIInterfaceOrientationPortrait UIInterfaceOrientationLandscapeLeft UIInterfaceOrientationLandscapeRight";
				LD_RUNPATH_SEARCH_PATHS = (
					"$(inherited)",
					"@executable_path/Frameworks",
				);
				MARKETING_VERSION = 1.0;
				PRODUCT_BUNDLE_IDENTIFIER = erun.BootCamping;
				PRODUCT_NAME = "$(TARGET_NAME)";
				SWIFT_EMIT_LOC_STRINGS = YES;
				SWIFT_VERSION = 5.0;
				TARGETED_DEVICE_FAMILY = "1,2";
			};
			name = Debug;
		};
		637DEA552922009300A16ADB /* Release */ = {
			isa = XCBuildConfiguration;
			buildSettings = {
				ASSETCATALOG_COMPILER_APPICON_NAME = AppIcon;
				ASSETCATALOG_COMPILER_GLOBAL_ACCENT_COLOR_NAME = AccentColor;
				CODE_SIGN_STYLE = Automatic;
				CURRENT_PROJECT_VERSION = 1;
				DEVELOPMENT_ASSET_PATHS = "\"BootCamping/Preview Content\"";
				DEVELOPMENT_TEAM = QJ9LBR5S7P;
				ENABLE_PREVIEWS = YES;
				GENERATE_INFOPLIST_FILE = YES;
				INFOPLIST_FILE = BootCamping/Info.plist;
				INFOPLIST_KEY_UIApplicationSceneManifest_Generation = YES;
				INFOPLIST_KEY_UIApplicationSupportsIndirectInputEvents = YES;
				INFOPLIST_KEY_UILaunchScreen_Generation = YES;
				INFOPLIST_KEY_UISupportedInterfaceOrientations_iPad = "UIInterfaceOrientationPortrait UIInterfaceOrientationPortraitUpsideDown UIInterfaceOrientationLandscapeLeft UIInterfaceOrientationLandscapeRight";
				INFOPLIST_KEY_UISupportedInterfaceOrientations_iPhone = "UIInterfaceOrientationPortrait UIInterfaceOrientationLandscapeLeft UIInterfaceOrientationLandscapeRight";
				LD_RUNPATH_SEARCH_PATHS = (
					"$(inherited)",
					"@executable_path/Frameworks",
				);
				MARKETING_VERSION = 1.0;
				PRODUCT_BUNDLE_IDENTIFIER = erun.BootCamping;
				PRODUCT_NAME = "$(TARGET_NAME)";
				SWIFT_EMIT_LOC_STRINGS = YES;
				SWIFT_VERSION = 5.0;
				TARGETED_DEVICE_FAMILY = "1,2";
			};
			name = Release;
		};
/* End XCBuildConfiguration section */

/* Begin XCConfigurationList section */
		637DEA402922009100A16ADB /* Build configuration list for PBXProject "BootCamping" */ = {
			isa = XCConfigurationList;
			buildConfigurations = (
				637DEA512922009300A16ADB /* Debug */,
				637DEA522922009300A16ADB /* Release */,
			);
			defaultConfigurationIsVisible = 0;
			defaultConfigurationName = Release;
		};
		637DEA532922009300A16ADB /* Build configuration list for PBXNativeTarget "BootCamping" */ = {
			isa = XCConfigurationList;
			buildConfigurations = (
				637DEA542922009300A16ADB /* Debug */,
				637DEA552922009300A16ADB /* Release */,
			);
			defaultConfigurationIsVisible = 0;
			defaultConfigurationName = Release;
		};
/* End XCConfigurationList section */
	};
	rootObject = 637DEA3D2922009100A16ADB /* Project object */;
}
